
Microsoft Visual Studio Solution File, Format Version 12.00
# Visual Studio Version 17
VisualStudioVersion = 17.9.34616.47
MinimumVisualStudioVersion = 10.0.40219.1
Project("{9A19103F-16F7-4668-BE54-9A1E7A4F7556}") = "Week3EntityFramework", "Week3EntityFramework.csproj", "{94A7A162-B914-4E79-BE96-649EA9D4301B}"
EndProject
Project("{FAE04EC0-301F-11D3-BF4B-00C04F79EFBC}") = "EntityModels", "Models\EntityModels\EntityModels.csproj", "{720657EA-D4D4-41C7-90AC-646C1E3C91CF}"
EndProject
Global
	GlobalSection(SolutionConfigurationPlatforms) = preSolution
		Debug|Any CPU = Debug|Any CPU
		Release|Any CPU = Release|Any CPU
	EndGlobalSection
	GlobalSection(ProjectConfigurationPlatforms) = postSolution
		{94A7A162-B914-4E79-BE96-649EA9D4301B}.Debug|Any CPU.ActiveCfg = Debug|Any CPU
		{94A7A162-B914-4E79-BE96-649EA9D4301B}.Debug|Any CPU.Build.0 = Debug|Any CPU
		{94A7A162-B914-4E79-BE96-649EA9D4301B}.Release|Any CPU.ActiveCfg = Release|Any CPU
		{94A7A162-B914-4E79-BE96-649EA9D4301B}.Release|Any CPU.Build.0 = Release|Any CPU
		{720657EA-D4D4-41C7-90AC-646C1E3C91CF}.Debug|Any CPU.ActiveCfg = Debug|Any CPU
		{720657EA-D4D4-41C7-90AC-646C1E3C91CF}.Debug|Any CPU.Build.0 = Debug|Any CPU
		{720657EA-D4D4-41C7-90AC-646C1E3C91CF}.Release|Any CPU.ActiveCfg = Release|Any CPU
		{720657EA-D4D4-41C7-90AC-646C1E3C91CF}.Release|Any CPU.Build.0 = Release|Any CPU
	EndGlobalSection
	GlobalSection(SolutionProperties) = preSolution
		HideSolutionNode = FALSE
	EndGlobalSection
	GlobalSection(ExtensibilityGlobals) = postSolution
		SolutionGuid = {6D6EA3C5-F891-464B-B516-6F265DB4DF09}
	EndGlobalSection
EndGlobal
